// !$*UTF8*$!
{
	archiveVersion = 1;
	classes = {
	};
	objectVersion = 50;
	objects = {

/* Begin PBXBuildFile section */
		4D0175DE20AD2117005873CC /* Main.storyboard in Resources */ = {isa = PBXBuildFile; fileRef = 4D0175DD20AD2116005873CC /* Main.storyboard */; };
		4D0175E020AD2633005873CC /* GameRecords.storyboard in Resources */ = {isa = PBXBuildFile; fileRef = 4D0175DF20AD2633005873CC /* GameRecords.storyboard */; };
		4D0175E320AD26E6005873CC /* GameRecordsViewController.swift in Sources */ = {isa = PBXBuildFile; fileRef = 4D0175E220AD26E6005873CC /* GameRecordsViewController.swift */; };
		4D0175E520AD28E1005873CC /* GameRecordCell.swift in Sources */ = {isa = PBXBuildFile; fileRef = 4D0175E420AD28E1005873CC /* GameRecordCell.swift */; };
		70DF001B20AD1936004F5BD0 /* AppDelegate.swift in Sources */ = {isa = PBXBuildFile; fileRef = 70DF001A20AD1936004F5BD0 /* AppDelegate.swift */; };
		70DF001D20AD1936004F5BD0 /* ViewController.swift in Sources */ = {isa = PBXBuildFile; fileRef = 70DF001C20AD1936004F5BD0 /* ViewController.swift */; };
		70DF002220AD1937004F5BD0 /* Assets.xcassets in Resources */ = {isa = PBXBuildFile; fileRef = 70DF002120AD1937004F5BD0 /* Assets.xcassets */; };
		70DF002520AD1937004F5BD0 /* LaunchScreen.storyboard in Resources */ = {isa = PBXBuildFile; fileRef = 70DF002320AD1937004F5BD0 /* LaunchScreen.storyboard */; };
		70DF002E20AD1AD1004F5BD0 /* UserDefaults.swift in Sources */ = {isa = PBXBuildFile; fileRef = 70DF002D20AD1AD1004F5BD0 /* UserDefaults.swift */; };
/* End PBXBuildFile section */

/* Begin PBXFileReference section */
		4D0175DD20AD2116005873CC /* Main.storyboard */ = {isa = PBXFileReference; fileEncoding = 4; lastKnownFileType = file.storyboard; path = Main.storyboard; sourceTree = "<group>"; };
		4D0175DF20AD2633005873CC /* GameRecords.storyboard */ = {isa = PBXFileReference; lastKnownFileType = file.storyboard; path = GameRecords.storyboard; sourceTree = "<group>"; };
		4D0175E220AD26E6005873CC /* GameRecordsViewController.swift */ = {isa = PBXFileReference; lastKnownFileType = sourcecode.swift; path = GameRecordsViewController.swift; sourceTree = "<group>"; };
		4D0175E420AD28E1005873CC /* GameRecordCell.swift */ = {isa = PBXFileReference; lastKnownFileType = sourcecode.swift; path = GameRecordCell.swift; sourceTree = "<group>"; };
		70DF001720AD1936004F5BD0 /* Starbug.app */ = {isa = PBXFileReference; explicitFileType = wrapper.application; includeInIndex = 0; path = Starbug.app; sourceTree = BUILT_PRODUCTS_DIR; };
		70DF001A20AD1936004F5BD0 /* AppDelegate.swift */ = {isa = PBXFileReference; lastKnownFileType = sourcecode.swift; path = AppDelegate.swift; sourceTree = "<group>"; };
		70DF001C20AD1936004F5BD0 /* ViewController.swift */ = {isa = PBXFileReference; lastKnownFileType = sourcecode.swift; path = ViewController.swift; sourceTree = "<group>"; };
		70DF002120AD1937004F5BD0 /* Assets.xcassets */ = {isa = PBXFileReference; lastKnownFileType = folder.assetcatalog; path = Assets.xcassets; sourceTree = "<group>"; };
		70DF002420AD1937004F5BD0 /* Base */ = {isa = PBXFileReference; lastKnownFileType = file.storyboard; name = Base; path = Base.lproj/LaunchScreen.storyboard; sourceTree = "<group>"; };
		70DF002620AD1937004F5BD0 /* Info.plist */ = {isa = PBXFileReference; lastKnownFileType = text.plist.xml; path = Info.plist; sourceTree = "<group>"; };
		70DF002D20AD1AD1004F5BD0 /* UserDefaults.swift */ = {isa = PBXFileReference; lastKnownFileType = sourcecode.swift; path = UserDefaults.swift; sourceTree = "<group>"; };
/* End PBXFileReference section */

/* Begin PBXFrameworksBuildPhase section */
		70DF001420AD1936004F5BD0 /* Frameworks */ = {
			isa = PBXFrameworksBuildPhase;
			buildActionMask = 2147483647;
			files = (
			);
			runOnlyForDeploymentPostprocessing = 0;
		};
/* End PBXFrameworksBuildPhase section */

/* Begin PBXGroup section */
		4D0175E120AD26B0005873CC /* View Controllers */ = {
			isa = PBXGroup;
			children = (
				70DF001C20AD1936004F5BD0 /* ViewController.swift */,
				4D0175E220AD26E6005873CC /* GameRecordsViewController.swift */,
				4D0175E420AD28E1005873CC /* GameRecordCell.swift */,
			);
			path = "View Controllers";
			sourceTree = "<group>";
		};
		70DF000E20AD1936004F5BD0 = {
			isa = PBXGroup;
			children = (
				70DF001920AD1936004F5BD0 /* Starbug */,
				70DF001820AD1936004F5BD0 /* Products */,
			);
			sourceTree = "<group>";
		};
		70DF001820AD1936004F5BD0 /* Products */ = {
			isa = PBXGroup;
			children = (
				70DF001720AD1936004F5BD0 /* Starbug.app */,
			);
			name = Products;
			sourceTree = "<group>";
		};
		70DF001920AD1936004F5BD0 /* Starbug */ = {
			isa = PBXGroup;
			children = (
				4D0175E120AD26B0005873CC /* View Controllers */,
				70DF003020AD1DE7004F5BD0 /* Games */,
				70DF002F20AD1DCE004F5BD0 /* Storydoard */,
				70DF002C20AD1AA2004F5BD0 /* Extension */,
				70DF001A20AD1936004F5BD0 /* AppDelegate.swift */,
				70DF002120AD1937004F5BD0 /* Assets.xcassets */,
				70DF002620AD1937004F5BD0 /* Info.plist */,
			);
			path = Starbug;
			sourceTree = "<group>";
		};
		70DF002C20AD1AA2004F5BD0 /* Extension */ = {
			isa = PBXGroup;
			children = (
				70DF002D20AD1AD1004F5BD0 /* UserDefaults.swift */,
			);
			path = Extension;
			sourceTree = "<group>";
		};
		70DF002F20AD1DCE004F5BD0 /* Storydoard */ = {
			isa = PBXGroup;
			children = (
				4D0175DD20AD2116005873CC /* Main.storyboard */,
				70DF002320AD1937004F5BD0 /* LaunchScreen.storyboard */,
				4D0175DF20AD2633005873CC /* GameRecords.storyboard */,
			);
			path = Storydoard;
			sourceTree = "<group>";
		};
		70DF003020AD1DE7004F5BD0 /* Games */ = {
			isa = PBXGroup;
			children = (
				70DF003220AD2118004F5BD0 /* Guess Game */,
				70DF003120AD1E00004F5BD0 /* RPS Game */,
			);
			path = Games;
			sourceTree = "<group>";
		};
		70DF003120AD1E00004F5BD0 /* RPS Game */ = {
			isa = PBXGroup;
			children = (
			);
			path = "RPS Game";
			sourceTree = "<group>";
		};
		70DF003220AD2118004F5BD0 /* Guess Game */ = {
			isa = PBXGroup;
			children = (
			);
			path = "Guess Game";
			sourceTree = "<group>";
		};
/* End PBXGroup section */

/* Begin PBXNativeTarget section */
		70DF001620AD1936004F5BD0 /* Starbug */ = {
			isa = PBXNativeTarget;
			buildConfigurationList = 70DF002920AD1937004F5BD0 /* Build configuration list for PBXNativeTarget "Starbug" */;
			buildPhases = (
				70DF001320AD1936004F5BD0 /* Sources */,
				70DF001420AD1936004F5BD0 /* Frameworks */,
				70DF001520AD1936004F5BD0 /* Resources */,
			);
			buildRules = (
			);
			dependencies = (
			);
			name = Starbug;
			productName = Starbug;
			productReference = 70DF001720AD1936004F5BD0 /* Starbug.app */;
			productType = "com.apple.product-type.application";
		};
/* End PBXNativeTarget section */

/* Begin PBXProject section */
		70DF000F20AD1936004F5BD0 /* Project object */ = {
			isa = PBXProject;
			attributes = {
				LastSwiftUpdateCheck = 0930;
				LastUpgradeCheck = 0930;
				ORGANIZATIONNAME = PinguMac;
				TargetAttributes = {
					70DF001620AD1936004F5BD0 = {
						CreatedOnToolsVersion = 9.3.1;
					};
				};
			};
			buildConfigurationList = 70DF001220AD1936004F5BD0 /* Build configuration list for PBXProject "Starbug" */;
			compatibilityVersion = "Xcode 9.3";
			developmentRegion = en;
			hasScannedForEncodings = 0;
			knownRegions = (
				en,
				Base,
			);
			mainGroup = 70DF000E20AD1936004F5BD0;
			productRefGroup = 70DF001820AD1936004F5BD0 /* Products */;
			projectDirPath = "";
			projectRoot = "";
			targets = (
				70DF001620AD1936004F5BD0 /* Starbug */,
			);
		};
/* End PBXProject section */

/* Begin PBXResourcesBuildPhase section */
		70DF001520AD1936004F5BD0 /* Resources */ = {
			isa = PBXResourcesBuildPhase;
			buildActionMask = 2147483647;
			files = (
				70DF002520AD1937004F5BD0 /* LaunchScreen.storyboard in Resources */,
				4D0175E020AD2633005873CC /* GameRecords.storyboard in Resources */,
				70DF002220AD1937004F5BD0 /* Assets.xcassets in Resources */,
				4D0175DE20AD2117005873CC /* Main.storyboard in Resources */,
			);
			runOnlyForDeploymentPostprocessing = 0;
		};
/* End PBXResourcesBuildPhase section */

/* Begin PBXSourcesBuildPhase section */
		70DF001320AD1936004F5BD0 /* Sources */ = {
			isa = PBXSourcesBuildPhase;
			buildActionMask = 2147483647;
			files = (
				70DF001D20AD1936004F5BD0 /* ViewController.swift in Sources */,
				4D0175E520AD28E1005873CC /* GameRecordCell.swift in Sources */,
				4D0175E320AD26E6005873CC /* GameRecordsViewController.swift in Sources */,
				70DF001B20AD1936004F5BD0 /* AppDelegate.swift in Sources */,
				70DF002E20AD1AD1004F5BD0 /* UserDefaults.swift in Sources */,
			);
			runOnlyForDeploymentPostprocessing = 0;
		};
/* End PBXSourcesBuildPhase section */

/* Begin PBXVariantGroup section */
		70DF002320AD1937004F5BD0 /* LaunchScreen.storyboard */ = {
			isa = PBXVariantGroup;
			children = (
				70DF002420AD1937004F5BD0 /* Base */,
			);
			name = LaunchScreen.storyboard;
			sourceTree = "<group>";
		};
/* End PBXVariantGroup section */

/* Begin XCBuildConfiguration section */
		70DF002720AD1937004F5BD0 /* Debug */ = {
			isa = XCBuildConfiguration;
			buildSettings = {
				ALWAYS_SEARCH_USER_PATHS = NO;
				CLANG_ANALYZER_NONNULL = YES;
				CLANG_ANALYZER_NUMBER_OBJECT_CONVERSION = YES_AGGRESSIVE;
				CLANG_CXX_LANGUAGE_STANDARD = "gnu++14";
				CLANG_CXX_LIBRARY = "libc++";
				CLANG_ENABLE_MODULES = YES;
				CLANG_ENABLE_OBJC_ARC = YES;
				CLANG_ENABLE_OBJC_WEAK = YES;
				CLANG_WARN_BLOCK_CAPTURE_AUTORELEASING = YES;
				CLANG_WARN_BOOL_CONVERSION = YES;
				CLANG_WARN_COMMA = YES;
				CLANG_WARN_CONSTANT_CONVERSION = YES;
				CLANG_WARN_DEPRECATED_OBJC_IMPLEMENTATIONS = YES;
				CLANG_WARN_DIRECT_OBJC_ISA_USAGE = YES_ERROR;
				CLANG_WARN_DOCUMENTATION_COMMENTS = YES;
				CLANG_WARN_EMPTY_BODY = YES;
				CLANG_WARN_ENUM_CONVERSION = YES;
				CLANG_WARN_INFINITE_RECURSION = YES;
				CLANG_WARN_INT_CONVERSION = YES;
				CLANG_WARN_NON_LITERAL_NULL_CONVERSION = YES;
				CLANG_WARN_OBJC_IMPLICIT_RETAIN_SELF = YES;
				CLANG_WARN_OBJC_LITERAL_CONVERSION = YES;
				CLANG_WARN_OBJC_ROOT_CLASS = YES_ERROR;
				CLANG_WARN_RANGE_LOOP_ANALYSIS = YES;
				CLANG_WARN_STRICT_PROTOTYPES = YES;
				CLANG_WARN_SUSPICIOUS_MOVE = YES;
				CLANG_WARN_UNGUARDED_AVAILABILITY = YES_AGGRESSIVE;
				CLANG_WARN_UNREACHABLE_CODE = YES;
				CLANG_WARN__DUPLICATE_METHOD_MATCH = YES;
				CODE_SIGN_IDENTITY = "iPhone Developer";
				COPY_PHASE_STRIP = NO;
				DEBUG_INFORMATION_FORMAT = dwarf;
				ENABLE_STRICT_OBJC_MSGSEND = YES;
				ENABLE_TESTABILITY = YES;
				GCC_C_LANGUAGE_STANDARD = gnu11;
				GCC_DYNAMIC_NO_PIC = NO;
				GCC_NO_COMMON_BLOCKS = YES;
				GCC_OPTIMIZATION_LEVEL = 0;
				GCC_PREPROCESSOR_DEFINITIONS = (
					"DEBUG=1",
					"$(inherited)",
				);
				GCC_WARN_64_TO_32_BIT_CONVERSION = YES;
				GCC_WARN_ABOUT_RETURN_TYPE = YES_ERROR;
				GCC_WARN_UNDECLARED_SELECTOR = YES;
				GCC_WARN_UNINITIALIZED_AUTOS = YES_AGGRESSIVE;
				GCC_WARN_UNUSED_FUNCTION = YES;
				GCC_WARN_UNUSED_VARIABLE = YES;
				IPHONEOS_DEPLOYMENT_TARGET = 11.3;
				MTL_ENABLE_DEBUG_INFO = YES;
				ONLY_ACTIVE_ARCH = YES;
				SDKROOT = iphoneos;
				SWIFT_ACTIVE_COMPILATION_CONDITIONS = DEBUG;
				SWIFT_OPTIMIZATION_LEVEL = "-Onone";
			};
			name = Debug;
		};
		70DF002820AD1937004F5BD0 /* Release */ = {
			isa = XCBuildConfiguration;
			buildSettings = {
				ALWAYS_SEARCH_USER_PATHS = NO;
				CLANG_ANALYZER_NONNULL = YES;
				CLANG_ANALYZER_NUMBER_OBJECT_CONVERSION = YES_AGGRESSIVE;
				CLANG_CXX_LANGUAGE_STANDARD = "gnu++14";
				CLANG_CXX_LIBRARY = "libc++";
				CLANG_ENABLE_MODULES = YES;
				CLANG_ENABLE_OBJC_ARC = YES;
				CLANG_ENABLE_OBJC_WEAK = YES;
				CLANG_WARN_BLOCK_CAPTURE_AUTORELEASING = YES;
				CLANG_WARN_BOOL_CONVERSION = YES;
				CLANG_WARN_COMMA = YES;
				CLANG_WARN_CONSTANT_CONVERSION = YES;
				CLANG_WARN_DEPRECATED_OBJC_IMPLEMENTATIONS = YES;
				CLANG_WARN_DIRECT_OBJC_ISA_USAGE = YES_ERROR;
				CLANG_WARN_DOCUMENTATION_COMMENTS = YES;
				CLANG_WARN_EMPTY_BODY = YES;
				CLANG_WARN_ENUM_CONVERSION = YES;
				CLANG_WARN_INFINITE_RECURSION = YES;
				CLANG_WARN_INT_CONVERSION = YES;
				CLANG_WARN_NON_LITERAL_NULL_CONVERSION = YES;
				CLANG_WARN_OBJC_IMPLICIT_RETAIN_SELF = YES;
				CLANG_WARN_OBJC_LITERAL_CONVERSION = YES;
				CLANG_WARN_OBJC_ROOT_CLASS = YES_ERROR;
				CLANG_WARN_RANGE_LOOP_ANALYSIS = YES;
				CLANG_WARN_STRICT_PROTOTYPES = YES;
				CLANG_WARN_SUSPICIOUS_MOVE = YES;
				CLANG_WARN_UNGUARDED_AVAILABILITY = YES_AGGRESSIVE;
				CLANG_WARN_UNREACHABLE_CODE = YES;
				CLANG_WARN__DUPLICATE_METHOD_MATCH = YES;
				CODE_SIGN_IDENTITY = "iPhone Developer";
				COPY_PHASE_STRIP = NO;
				DEBUG_INFORMATION_FORMAT = "dwarf-with-dsym";
				ENABLE_NS_ASSERTIONS = NO;
				ENABLE_STRICT_OBJC_MSGSEND = YES;
				GCC_C_LANGUAGE_STANDARD = gnu11;
				GCC_NO_COMMON_BLOCKS = YES;
				GCC_WARN_64_TO_32_BIT_CONVERSION = YES;
				GCC_WARN_ABOUT_RETURN_TYPE = YES_ERROR;
				GCC_WARN_UNDECLARED_SELECTOR = YES;
				GCC_WARN_UNINITIALIZED_AUTOS = YES_AGGRESSIVE;
				GCC_WARN_UNUSED_FUNCTION = YES;
				GCC_WARN_UNUSED_VARIABLE = YES;
				IPHONEOS_DEPLOYMENT_TARGET = 11.3;
				MTL_ENABLE_DEBUG_INFO = NO;
				SDKROOT = iphoneos;
				SWIFT_COMPILATION_MODE = wholemodule;
				SWIFT_OPTIMIZATION_LEVEL = "-O";
				VALIDATE_PRODUCT = YES;
			};
			name = Release;
		};
		70DF002A20AD1937004F5BD0 /* Debug */ = {
			isa = XCBuildConfiguration;
			buildSettings = {
				ASSETCATALOG_COMPILER_APPICON_NAME = AppIcon;
				CODE_SIGN_STYLE = Automatic;
				DEVELOPMENT_TEAM = XRUZX72PMD;
				INFOPLIST_FILE = Starbug/Info.plist;
				LD_RUNPATH_SEARCH_PATHS = (
					"$(inherited)",
					"@executable_path/Frameworks",
				);
				PRODUCT_BUNDLE_IDENTIFIER = PinguDemo.Starbug;
				PRODUCT_NAME = "$(TARGET_NAME)";
				SWIFT_VERSION = 4.0;
				TARGETED_DEVICE_FAMILY = "1,2";
			};
			name = Debug;
		};
		70DF002B20AD1937004F5BD0 /* Release */ = {
			isa = XCBuildConfiguration;
			buildSettings = {
				ASSETCATALOG_COMPILER_APPICON_NAME = AppIcon;
				CODE_SIGN_STYLE = Automatic;
				DEVELOPMENT_TEAM = XRUZX72PMD;
				INFOPLIST_FILE = Starbug/Info.plist;
				LD_RUNPATH_SEARCH_PATHS = (
					"$(inherited)",
					"@executable_path/Frameworks",
				);
				PRODUCT_BUNDLE_IDENTIFIER = PinguDemo.Starbug;
				PRODUCT_NAME = "$(TARGET_NAME)";
				SWIFT_VERSION = 4.0;
				TARGETED_DEVICE_FAMILY = "1,2";
			};
			name = Release;
		};
/* End XCBuildConfiguration section */

/* Begin XCConfigurationList section */
		70DF001220AD1936004F5BD0 /* Build configuration list for PBXProject "Starbug" */ = {
			isa = XCConfigurationList;
			buildConfigurations = (
				70DF002720AD1937004F5BD0 /* Debug */,
				70DF002820AD1937004F5BD0 /* Release */,
			);
			defaultConfigurationIsVisible = 0;
			defaultConfigurationName = Release;
		};
		70DF002920AD1937004F5BD0 /* Build configuration list for PBXNativeTarget "Starbug" */ = {
			isa = XCConfigurationList;
			buildConfigurations = (
				70DF002A20AD1937004F5BD0 /* Debug */,
				70DF002B20AD1937004F5BD0 /* Release */,
			);
			defaultConfigurationIsVisible = 0;
			defaultConfigurationName = Release;
		};
/* End XCConfigurationList section */
	};
	rootObject = 70DF000F20AD1936004F5BD0 /* Project object */;
}
