// !$*UTF8*$!
{
	archiveVersion = 1;
	classes = {
	};
	objectVersion = 50;
	objects = {

/* Begin PBXBuildFile section */
		D6AA6FF320AD1A1F001B3F91 /* AppDelegate.swift in Sources */ = {isa = PBXBuildFile; fileRef = D6AA6FF220AD1A1F001B3F91 /* AppDelegate.swift */; };
		D6AA6FF520AD1A1F001B3F91 /* MenuViewController.swift in Sources */ = {isa = PBXBuildFile; fileRef = D6AA6FF420AD1A1F001B3F91 /* MenuViewController.swift */; };
		D6AA6FF820AD1A1F001B3F91 /* Main.storyboard in Resources */ = {isa = PBXBuildFile; fileRef = D6AA6FF620AD1A1F001B3F91 /* Main.storyboard */; };
		D6AA6FFA20AD1A20001B3F91 /* Assets.xcassets in Resources */ = {isa = PBXBuildFile; fileRef = D6AA6FF920AD1A20001B3F91 /* Assets.xcassets */; };
		D6AA6FFD20AD1A20001B3F91 /* LaunchScreen.storyboard in Resources */ = {isa = PBXBuildFile; fileRef = D6AA6FFB20AD1A20001B3F91 /* LaunchScreen.storyboard */; };
		D6AA700520AD1A3B001B3F91 /* Singleton.swift in Sources */ = {isa = PBXBuildFile; fileRef = D6AA700420AD1A3B001B3F91 /* Singleton.swift */; };
		D6AA700720AD21E1001B3F91 /* ButtonStyle.swift in Sources */ = {isa = PBXBuildFile; fileRef = D6AA700620AD21E1001B3F91 /* ButtonStyle.swift */; };
		D6AA700A20AD24B6001B3F91 /* RecordTableViewCell.swift in Sources */ = {isa = PBXBuildFile; fileRef = D6AA700920AD24B6001B3F91 /* RecordTableViewCell.swift */; };
		D6AA700C20AD24FD001B3F91 /* RecordViewController.swift in Sources */ = {isa = PBXBuildFile; fileRef = D6AA700B20AD24FD001B3F91 /* RecordViewController.swift */; };
		D6AA700F20AD2DC5001B3F91 /* GameListTableViewCell.swift in Sources */ = {isa = PBXBuildFile; fileRef = D6AA700E20AD2DC5001B3F91 /* GameListTableViewCell.swift */; };
		D6AA701120AD38ED001B3F91 /* GameListViewController.swift in Sources */ = {isa = PBXBuildFile; fileRef = D6AA701020AD38ED001B3F91 /* GameListViewController.swift */; };
		D6AA701420AD39A1001B3F91 /* Game.swift in Sources */ = {isa = PBXBuildFile; fileRef = D6AA701320AD39A1001B3F91 /* Game.swift */; };
		D6AA702020AD67AE001B3F91 /* TapStarbucks.storyboard in Resources */ = {isa = PBXBuildFile; fileRef = D6AA701C20AD67AE001B3F91 /* TapStarbucks.storyboard */; };
		D6AA702120AD67AE001B3F91 /* TapStarbucksViewController.swift in Sources */ = {isa = PBXBuildFile; fileRef = D6AA701D20AD67AE001B3F91 /* TapStarbucksViewController.swift */; };
		D6AA702220AD67AE001B3F91 /* testViewController.swift in Sources */ = {isa = PBXBuildFile; fileRef = D6AA701E20AD67AE001B3F91 /* testViewController.swift */; };
		D6AA702320AD67AE001B3F91 /* TapStarbucksModel.swift in Sources */ = {isa = PBXBuildFile; fileRef = D6AA701F20AD67AE001B3F91 /* TapStarbucksModel.swift */; };
		D6AA702520AD6812001B3F91 /* QRCodeStoryboard.storyboard in Resources */ = {isa = PBXBuildFile; fileRef = D6AA702420AD6812001B3F91 /* QRCodeStoryboard.storyboard */; };
		D6AA702920AD811F001B3F91 /* PokerGame.storyboard in Resources */ = {isa = PBXBuildFile; fileRef = D6AA702820AD811E001B3F91 /* PokerGame.storyboard */; };
		D6AA702B20AD8146001B3F91 /* BlackJackVC.swift in Sources */ = {isa = PBXBuildFile; fileRef = D6AA702A20AD8146001B3F91 /* BlackJackVC.swift */; };
		E020969720AD66E100B1BF41 /* DeviceInput.swift in Sources */ = {isa = PBXBuildFile; fileRef = E020969520AD66E100B1BF41 /* DeviceInput.swift */; };
		E020969820AD66E100B1BF41 /* QRCodeViewController.swift in Sources */ = {isa = PBXBuildFile; fileRef = E020969620AD66E100B1BF41 /* QRCodeViewController.swift */; };
/* End PBXBuildFile section */

/* Begin PBXFileReference section */
		D6AA6FEF20AD1A1F001B3F91 /* SojTeamGame.app */ = {isa = PBXFileReference; explicitFileType = wrapper.application; includeInIndex = 0; path = SojTeamGame.app; sourceTree = BUILT_PRODUCTS_DIR; };
		D6AA6FF220AD1A1F001B3F91 /* AppDelegate.swift */ = {isa = PBXFileReference; lastKnownFileType = sourcecode.swift; path = AppDelegate.swift; sourceTree = "<group>"; };
		D6AA6FF420AD1A1F001B3F91 /* MenuViewController.swift */ = {isa = PBXFileReference; lastKnownFileType = sourcecode.swift; path = MenuViewController.swift; sourceTree = "<group>"; };
		D6AA6FF720AD1A1F001B3F91 /* Base */ = {isa = PBXFileReference; lastKnownFileType = file.storyboard; name = Base; path = Base.lproj/Main.storyboard; sourceTree = "<group>"; };
		D6AA6FF920AD1A20001B3F91 /* Assets.xcassets */ = {isa = PBXFileReference; lastKnownFileType = folder.assetcatalog; path = Assets.xcassets; sourceTree = "<group>"; };
		D6AA6FFC20AD1A20001B3F91 /* Base */ = {isa = PBXFileReference; lastKnownFileType = file.storyboard; name = Base; path = Base.lproj/LaunchScreen.storyboard; sourceTree = "<group>"; };
		D6AA6FFE20AD1A20001B3F91 /* Info.plist */ = {isa = PBXFileReference; lastKnownFileType = text.plist.xml; path = Info.plist; sourceTree = "<group>"; };
		D6AA700420AD1A3B001B3F91 /* Singleton.swift */ = {isa = PBXFileReference; lastKnownFileType = sourcecode.swift; path = Singleton.swift; sourceTree = "<group>"; };
		D6AA700620AD21E1001B3F91 /* ButtonStyle.swift */ = {isa = PBXFileReference; lastKnownFileType = sourcecode.swift; path = ButtonStyle.swift; sourceTree = "<group>"; };
		D6AA700920AD24B6001B3F91 /* RecordTableViewCell.swift */ = {isa = PBXFileReference; lastKnownFileType = sourcecode.swift; path = RecordTableViewCell.swift; sourceTree = "<group>"; };
		D6AA700B20AD24FD001B3F91 /* RecordViewController.swift */ = {isa = PBXFileReference; lastKnownFileType = sourcecode.swift; path = RecordViewController.swift; sourceTree = "<group>"; };
		D6AA700E20AD2DC5001B3F91 /* GameListTableViewCell.swift */ = {isa = PBXFileReference; lastKnownFileType = sourcecode.swift; path = GameListTableViewCell.swift; sourceTree = "<group>"; };
		D6AA701020AD38ED001B3F91 /* GameListViewController.swift */ = {isa = PBXFileReference; lastKnownFileType = sourcecode.swift; path = GameListViewController.swift; sourceTree = "<group>"; };
		D6AA701320AD39A1001B3F91 /* Game.swift */ = {isa = PBXFileReference; lastKnownFileType = sourcecode.swift; path = Game.swift; sourceTree = "<group>"; };
		D6AA701C20AD67AE001B3F91 /* TapStarbucks.storyboard */ = {isa = PBXFileReference; fileEncoding = 4; lastKnownFileType = file.storyboard; path = TapStarbucks.storyboard; sourceTree = "<group>"; };
		D6AA701D20AD67AE001B3F91 /* TapStarbucksViewController.swift */ = {isa = PBXFileReference; fileEncoding = 4; lastKnownFileType = sourcecode.swift; path = TapStarbucksViewController.swift; sourceTree = "<group>"; };
		D6AA701E20AD67AE001B3F91 /* testViewController.swift */ = {isa = PBXFileReference; fileEncoding = 4; lastKnownFileType = sourcecode.swift; path = testViewController.swift; sourceTree = "<group>"; };
		D6AA701F20AD67AE001B3F91 /* TapStarbucksModel.swift */ = {isa = PBXFileReference; fileEncoding = 4; lastKnownFileType = sourcecode.swift; path = TapStarbucksModel.swift; sourceTree = "<group>"; };
		D6AA702420AD6812001B3F91 /* QRCodeStoryboard.storyboard */ = {isa = PBXFileReference; lastKnownFileType = file.storyboard; path = QRCodeStoryboard.storyboard; sourceTree = "<group>"; };
		D6AA702820AD811E001B3F91 /* PokerGame.storyboard */ = {isa = PBXFileReference; fileEncoding = 4; lastKnownFileType = file.storyboard; path = PokerGame.storyboard; sourceTree = "<group>"; };
		D6AA702A20AD8146001B3F91 /* BlackJackVC.swift */ = {isa = PBXFileReference; fileEncoding = 4; lastKnownFileType = sourcecode.swift; path = BlackJackVC.swift; sourceTree = "<group>"; };
		E020969520AD66E100B1BF41 /* DeviceInput.swift */ = {isa = PBXFileReference; fileEncoding = 4; lastKnownFileType = sourcecode.swift; path = DeviceInput.swift; sourceTree = "<group>"; };
		E020969620AD66E100B1BF41 /* QRCodeViewController.swift */ = {isa = PBXFileReference; fileEncoding = 4; lastKnownFileType = sourcecode.swift; path = QRCodeViewController.swift; sourceTree = "<group>"; };
/* End PBXFileReference section */

/* Begin PBXFrameworksBuildPhase section */
		D6AA6FEC20AD1A1E001B3F91 /* Frameworks */ = {
			isa = PBXFrameworksBuildPhase;
			buildActionMask = 2147483647;
			files = (
			);
			runOnlyForDeploymentPostprocessing = 0;
		};
/* End PBXFrameworksBuildPhase section */

/* Begin PBXGroup section */
		D6AA6FE620AD1A1E001B3F91 = {
			isa = PBXGroup;
			children = (
				D6AA6FF120AD1A1F001B3F91 /* SojTeamGame */,
				D6AA6FF020AD1A1F001B3F91 /* Products */,
			);
			sourceTree = "<group>";
		};
		D6AA6FF020AD1A1F001B3F91 /* Products */ = {
			isa = PBXGroup;
			children = (
				D6AA6FEF20AD1A1F001B3F91 /* SojTeamGame.app */,
			);
			name = Products;
			sourceTree = "<group>";
		};
		D6AA6FF120AD1A1F001B3F91 /* SojTeamGame */ = {
			isa = PBXGroup;
			children = (
				E020969520AD66E100B1BF41 /* DeviceInput.swift */,
				E020969620AD66E100B1BF41 /* QRCodeViewController.swift */,
				D6AA6FF220AD1A1F001B3F91 /* AppDelegate.swift */,
				D6AA701B20AD67AE001B3F91 /* TapStarbucks */,
				D6AA701220AD3992001B3F91 /* Model */,
				D6AA700820AD2207001B3F91 /* View */,
				D6AA700D20AD2500001B3F91 /* Controllers */,
				D6AA6FF620AD1A1F001B3F91 /* Main.storyboard */,
				D6AA702420AD6812001B3F91 /* QRCodeStoryboard.storyboard */,
				D6AA702820AD811E001B3F91 /* PokerGame.storyboard */,
				D6AA6FF920AD1A20001B3F91 /* Assets.xcassets */,
				D6AA6FFB20AD1A20001B3F91 /* LaunchScreen.storyboard */,
				D6AA6FFE20AD1A20001B3F91 /* Info.plist */,
			);
			path = SojTeamGame;
			sourceTree = "<group>";
		};
		D6AA700820AD2207001B3F91 /* View */ = {
			isa = PBXGroup;
			children = (
				D6AA700620AD21E1001B3F91 /* ButtonStyle.swift */,
				D6AA700920AD24B6001B3F91 /* RecordTableViewCell.swift */,
				D6AA700E20AD2DC5001B3F91 /* GameListTableViewCell.swift */,
			);
			path = View;
			sourceTree = "<group>";
		};
		D6AA700D20AD2500001B3F91 /* Controllers */ = {
			isa = PBXGroup;
			children = (
				D6AA702A20AD8146001B3F91 /* BlackJackVC.swift */,
				D6AA6FF420AD1A1F001B3F91 /* MenuViewController.swift */,
				D6AA700B20AD24FD001B3F91 /* RecordViewController.swift */,
				D6AA701020AD38ED001B3F91 /* GameListViewController.swift */,
			);
			path = Controllers;
			sourceTree = "<group>";
		};
		D6AA701220AD3992001B3F91 /* Model */ = {
			isa = PBXGroup;
			children = (
				D6AA700420AD1A3B001B3F91 /* Singleton.swift */,
				D6AA701320AD39A1001B3F91 /* Game.swift */,
			);
			path = Model;
			sourceTree = "<group>";
		};
		D6AA701B20AD67AE001B3F91 /* TapStarbucks */ = {
			isa = PBXGroup;
			children = (
				D6AA701C20AD67AE001B3F91 /* TapStarbucks.storyboard */,
				D6AA701D20AD67AE001B3F91 /* TapStarbucksViewController.swift */,
				D6AA701E20AD67AE001B3F91 /* testViewController.swift */,
				D6AA701F20AD67AE001B3F91 /* TapStarbucksModel.swift */,
			);
			path = TapStarbucks;
			sourceTree = "<group>";
		};
/* End PBXGroup section */

/* Begin PBXNativeTarget section */
		D6AA6FEE20AD1A1E001B3F91 /* SojTeamGame */ = {
			isa = PBXNativeTarget;
			buildConfigurationList = D6AA700120AD1A20001B3F91 /* Build configuration list for PBXNativeTarget "SojTeamGame" */;
			buildPhases = (
				D6AA6FEB20AD1A1E001B3F91 /* Sources */,
				D6AA6FEC20AD1A1E001B3F91 /* Frameworks */,
				D6AA6FED20AD1A1E001B3F91 /* Resources */,
			);
			buildRules = (
			);
			dependencies = (
			);
			name = SojTeamGame;
			productName = SojTeamGame;
			productReference = D6AA6FEF20AD1A1F001B3F91 /* SojTeamGame.app */;
			productType = "com.apple.product-type.application";
		};
/* End PBXNativeTarget section */

/* Begin PBXProject section */
		D6AA6FE720AD1A1E001B3F91 /* Project object */ = {
			isa = PBXProject;
			attributes = {
				LastSwiftUpdateCheck = 0930;
				LastUpgradeCheck = 0930;
				ORGANIZATIONNAME = EthanLin;
				TargetAttributes = {
					D6AA6FEE20AD1A1E001B3F91 = {
						CreatedOnToolsVersion = 9.3.1;
					};
				};
			};
			buildConfigurationList = D6AA6FEA20AD1A1E001B3F91 /* Build configuration list for PBXProject "SojTeamGame" */;
			compatibilityVersion = "Xcode 9.3";
			developmentRegion = en;
			hasScannedForEncodings = 0;
			knownRegions = (
				en,
				Base,
			);
			mainGroup = D6AA6FE620AD1A1E001B3F91;
			productRefGroup = D6AA6FF020AD1A1F001B3F91 /* Products */;
			projectDirPath = "";
			projectRoot = "";
			targets = (
				D6AA6FEE20AD1A1E001B3F91 /* SojTeamGame */,
			);
		};
/* End PBXProject section */

/* Begin PBXResourcesBuildPhase section */
		D6AA6FED20AD1A1E001B3F91 /* Resources */ = {
			isa = PBXResourcesBuildPhase;
			buildActionMask = 2147483647;
			files = (
				D6AA6FFD20AD1A20001B3F91 /* LaunchScreen.storyboard in Resources */,
				D6AA702520AD6812001B3F91 /* QRCodeStoryboard.storyboard in Resources */,
				D6AA702020AD67AE001B3F91 /* TapStarbucks.storyboard in Resources */,
				D6AA6FFA20AD1A20001B3F91 /* Assets.xcassets in Resources */,
				D6AA702920AD811F001B3F91 /* PokerGame.storyboard in Resources */,
				D6AA6FF820AD1A1F001B3F91 /* Main.storyboard in Resources */,
			);
			runOnlyForDeploymentPostprocessing = 0;
		};
/* End PBXResourcesBuildPhase section */

/* Begin PBXSourcesBuildPhase section */
		D6AA6FEB20AD1A1E001B3F91 /* Sources */ = {
			isa = PBXSourcesBuildPhase;
			buildActionMask = 2147483647;
			files = (
				D6AA6FF520AD1A1F001B3F91 /* MenuViewController.swift in Sources */,
				D6AA701420AD39A1001B3F91 /* Game.swift in Sources */,
				E020969820AD66E100B1BF41 /* QRCodeViewController.swift in Sources */,
				D6AA702B20AD8146001B3F91 /* BlackJackVC.swift in Sources */,
				D6AA700720AD21E1001B3F91 /* ButtonStyle.swift in Sources */,
				D6AA700520AD1A3B001B3F91 /* Singleton.swift in Sources */,
				E020969720AD66E100B1BF41 /* DeviceInput.swift in Sources */,
				D6AA702120AD67AE001B3F91 /* TapStarbucksViewController.swift in Sources */,
				D6AA700C20AD24FD001B3F91 /* RecordViewController.swift in Sources */,
				D6AA701120AD38ED001B3F91 /* GameListViewController.swift in Sources */,
				D6AA700F20AD2DC5001B3F91 /* GameListTableViewCell.swift in Sources */,
				D6AA702320AD67AE001B3F91 /* TapStarbucksModel.swift in Sources */,
				D6AA702220AD67AE001B3F91 /* testViewController.swift in Sources */,
				D6AA700A20AD24B6001B3F91 /* RecordTableViewCell.swift in Sources */,
				D6AA6FF320AD1A1F001B3F91 /* AppDelegate.swift in Sources */,
			);
			runOnlyForDeploymentPostprocessing = 0;
		};
/* End PBXSourcesBuildPhase section */

/* Begin PBXVariantGroup section */
		D6AA6FF620AD1A1F001B3F91 /* Main.storyboard */ = {
			isa = PBXVariantGroup;
			children = (
				D6AA6FF720AD1A1F001B3F91 /* Base */,
			);
			name = Main.storyboard;
			sourceTree = "<group>";
		};
		D6AA6FFB20AD1A20001B3F91 /* LaunchScreen.storyboard */ = {
			isa = PBXVariantGroup;
			children = (
				D6AA6FFC20AD1A20001B3F91 /* Base */,
			);
			name = LaunchScreen.storyboard;
			sourceTree = "<group>";
		};
/* End PBXVariantGroup section */

/* Begin XCBuildConfiguration section */
		D6AA6FFF20AD1A20001B3F91 /* Debug */ = {
			isa = XCBuildConfiguration;
			buildSettings = {
				ALWAYS_SEARCH_USER_PATHS = NO;
				CLANG_ANALYZER_NONNULL = YES;
				CLANG_ANALYZER_NUMBER_OBJECT_CONVERSION = YES_AGGRESSIVE;
				CLANG_CXX_LANGUAGE_STANDARD = "gnu++14";
				CLANG_CXX_LIBRARY = "libc++";
				CLANG_ENABLE_MODULES = YES;
				CLANG_ENABLE_OBJC_ARC = YES;
				CLANG_ENABLE_OBJC_WEAK = YES;
				CLANG_WARN_BLOCK_CAPTURE_AUTORELEASING = YES;
				CLANG_WARN_BOOL_CONVERSION = YES;
				CLANG_WARN_COMMA = YES;
				CLANG_WARN_CONSTANT_CONVERSION = YES;
				CLANG_WARN_DEPRECATED_OBJC_IMPLEMENTATIONS = YES;
				CLANG_WARN_DIRECT_OBJC_ISA_USAGE = YES_ERROR;
				CLANG_WARN_DOCUMENTATION_COMMENTS = YES;
				CLANG_WARN_EMPTY_BODY = YES;
				CLANG_WARN_ENUM_CONVERSION = YES;
				CLANG_WARN_INFINITE_RECURSION = YES;
				CLANG_WARN_INT_CONVERSION = YES;
				CLANG_WARN_NON_LITERAL_NULL_CONVERSION = YES;
				CLANG_WARN_OBJC_IMPLICIT_RETAIN_SELF = YES;
				CLANG_WARN_OBJC_LITERAL_CONVERSION = YES;
				CLANG_WARN_OBJC_ROOT_CLASS = YES_ERROR;
				CLANG_WARN_RANGE_LOOP_ANALYSIS = YES;
				CLANG_WARN_STRICT_PROTOTYPES = YES;
				CLANG_WARN_SUSPICIOUS_MOVE = YES;
				CLANG_WARN_UNGUARDED_AVAILABILITY = YES_AGGRESSIVE;
				CLANG_WARN_UNREACHABLE_CODE = YES;
				CLANG_WARN__DUPLICATE_METHOD_MATCH = YES;
				CODE_SIGN_IDENTITY = "iPhone Developer";
				COPY_PHASE_STRIP = NO;
				DEBUG_INFORMATION_FORMAT = dwarf;
				ENABLE_STRICT_OBJC_MSGSEND = YES;
				ENABLE_TESTABILITY = YES;
				GCC_C_LANGUAGE_STANDARD = gnu11;
				GCC_DYNAMIC_NO_PIC = NO;
				GCC_NO_COMMON_BLOCKS = YES;
				GCC_OPTIMIZATION_LEVEL = 0;
				GCC_PREPROCESSOR_DEFINITIONS = (
					"DEBUG=1",
					"$(inherited)",
				);
				GCC_WARN_64_TO_32_BIT_CONVERSION = YES;
				GCC_WARN_ABOUT_RETURN_TYPE = YES_ERROR;
				GCC_WARN_UNDECLARED_SELECTOR = YES;
				GCC_WARN_UNINITIALIZED_AUTOS = YES_AGGRESSIVE;
				GCC_WARN_UNUSED_FUNCTION = YES;
				GCC_WARN_UNUSED_VARIABLE = YES;
				IPHONEOS_DEPLOYMENT_TARGET = 11.3;
				MTL_ENABLE_DEBUG_INFO = YES;
				ONLY_ACTIVE_ARCH = YES;
				SDKROOT = iphoneos;
				SWIFT_ACTIVE_COMPILATION_CONDITIONS = DEBUG;
				SWIFT_OPTIMIZATION_LEVEL = "-Onone";
			};
			name = Debug;
		};
		D6AA700020AD1A20001B3F91 /* Release */ = {
			isa = XCBuildConfiguration;
			buildSettings = {
				ALWAYS_SEARCH_USER_PATHS = NO;
				CLANG_ANALYZER_NONNULL = YES;
				CLANG_ANALYZER_NUMBER_OBJECT_CONVERSION = YES_AGGRESSIVE;
				CLANG_CXX_LANGUAGE_STANDARD = "gnu++14";
				CLANG_CXX_LIBRARY = "libc++";
				CLANG_ENABLE_MODULES = YES;
				CLANG_ENABLE_OBJC_ARC = YES;
				CLANG_ENABLE_OBJC_WEAK = YES;
				CLANG_WARN_BLOCK_CAPTURE_AUTORELEASING = YES;
				CLANG_WARN_BOOL_CONVERSION = YES;
				CLANG_WARN_COMMA = YES;
				CLANG_WARN_CONSTANT_CONVERSION = YES;
				CLANG_WARN_DEPRECATED_OBJC_IMPLEMENTATIONS = YES;
				CLANG_WARN_DIRECT_OBJC_ISA_USAGE = YES_ERROR;
				CLANG_WARN_DOCUMENTATION_COMMENTS = YES;
				CLANG_WARN_EMPTY_BODY = YES;
				CLANG_WARN_ENUM_CONVERSION = YES;
				CLANG_WARN_INFINITE_RECURSION = YES;
				CLANG_WARN_INT_CONVERSION = YES;
				CLANG_WARN_NON_LITERAL_NULL_CONVERSION = YES;
				CLANG_WARN_OBJC_IMPLICIT_RETAIN_SELF = YES;
				CLANG_WARN_OBJC_LITERAL_CONVERSION = YES;
				CLANG_WARN_OBJC_ROOT_CLASS = YES_ERROR;
				CLANG_WARN_RANGE_LOOP_ANALYSIS = YES;
				CLANG_WARN_STRICT_PROTOTYPES = YES;
				CLANG_WARN_SUSPICIOUS_MOVE = YES;
				CLANG_WARN_UNGUARDED_AVAILABILITY = YES_AGGRESSIVE;
				CLANG_WARN_UNREACHABLE_CODE = YES;
				CLANG_WARN__DUPLICATE_METHOD_MATCH = YES;
				CODE_SIGN_IDENTITY = "iPhone Developer";
				COPY_PHASE_STRIP = NO;
				DEBUG_INFORMATION_FORMAT = "dwarf-with-dsym";
				ENABLE_NS_ASSERTIONS = NO;
				ENABLE_STRICT_OBJC_MSGSEND = YES;
				GCC_C_LANGUAGE_STANDARD = gnu11;
				GCC_NO_COMMON_BLOCKS = YES;
				GCC_WARN_64_TO_32_BIT_CONVERSION = YES;
				GCC_WARN_ABOUT_RETURN_TYPE = YES_ERROR;
				GCC_WARN_UNDECLARED_SELECTOR = YES;
				GCC_WARN_UNINITIALIZED_AUTOS = YES_AGGRESSIVE;
				GCC_WARN_UNUSED_FUNCTION = YES;
				GCC_WARN_UNUSED_VARIABLE = YES;
				IPHONEOS_DEPLOYMENT_TARGET = 11.3;
				MTL_ENABLE_DEBUG_INFO = NO;
				SDKROOT = iphoneos;
				SWIFT_COMPILATION_MODE = wholemodule;
				SWIFT_OPTIMIZATION_LEVEL = "-O";
				VALIDATE_PRODUCT = YES;
			};
			name = Release;
		};
		D6AA700220AD1A20001B3F91 /* Debug */ = {
			isa = XCBuildConfiguration;
			buildSettings = {
				ASSETCATALOG_COMPILER_APPICON_NAME = AppIcon;
				CODE_SIGN_STYLE = Automatic;
				DEVELOPMENT_TEAM = KRCKVX62FU;
				INFOPLIST_FILE = SojTeamGame/Info.plist;
				LD_RUNPATH_SEARCH_PATHS = (
					"$(inherited)",
					"@executable_path/Frameworks",
				);
				PRODUCT_BUNDLE_IDENTIFIER = comSoJ.SojTeamGame;
				PRODUCT_NAME = "$(TARGET_NAME)";
				SWIFT_VERSION = 4.0;
				TARGETED_DEVICE_FAMILY = "1,2";
			};
			name = Debug;
		};
		D6AA700320AD1A20001B3F91 /* Release */ = {
			isa = XCBuildConfiguration;
			buildSettings = {
				ASSETCATALOG_COMPILER_APPICON_NAME = AppIcon;
				CODE_SIGN_STYLE = Automatic;
				DEVELOPMENT_TEAM = KRCKVX62FU;
				INFOPLIST_FILE = SojTeamGame/Info.plist;
				LD_RUNPATH_SEARCH_PATHS = (
					"$(inherited)",
					"@executable_path/Frameworks",
				);
				PRODUCT_BUNDLE_IDENTIFIER = comSoJ.SojTeamGame;
				PRODUCT_NAME = "$(TARGET_NAME)";
				SWIFT_VERSION = 4.0;
				TARGETED_DEVICE_FAMILY = "1,2";
			};
			name = Release;
		};
/* End XCBuildConfiguration section */

/* Begin XCConfigurationList section */
		D6AA6FEA20AD1A1E001B3F91 /* Build configuration list for PBXProject "SojTeamGame" */ = {
			isa = XCConfigurationList;
			buildConfigurations = (
				D6AA6FFF20AD1A20001B3F91 /* Debug */,
				D6AA700020AD1A20001B3F91 /* Release */,
			);
			defaultConfigurationIsVisible = 0;
			defaultConfigurationName = Release;
		};
		D6AA700120AD1A20001B3F91 /* Build configuration list for PBXNativeTarget "SojTeamGame" */ = {
			isa = XCConfigurationList;
			buildConfigurations = (
				D6AA700220AD1A20001B3F91 /* Debug */,
				D6AA700320AD1A20001B3F91 /* Release */,
			);
			defaultConfigurationIsVisible = 0;
			defaultConfigurationName = Release;
		};
/* End XCConfigurationList section */
	};
	rootObject = D6AA6FE720AD1A1E001B3F91 /* Project object */;
}
